
Microsoft Visual Studio Solution File, Format Version 12.00
# Visual Studio Version 17
VisualStudioVersion = 17.9.34622.214
MinimumVisualStudioVersion = 10.0.40219.1
Project("{FAE04EC0-301F-11D3-BF4B-00C04F79EFBC}") = "Exercitiu", "Exercitiu\Exercitiu.csproj", "{FE3BF3E5-DA21-4568-B0BE-6C9FB639C81B}"
EndProject
Global
	GlobalSection(SolutionConfigurationPlatforms) = preSolution
		Debug|Any CPU = Debug|Any CPU
		Release|Any CPU = Release|Any CPU
	EndGlobalSection
	GlobalSection(ProjectConfigurationPlatforms) = postSolution
		{FE3BF3E5-DA21-4568-B0BE-6C9FB639C81B}.Debug|Any CPU.ActiveCfg = Debug|Any CPU
		{FE3BF3E5-DA21-4568-B0BE-6C9FB639C81B}.Debug|Any CPU.Build.0 = Debug|Any CPU
		{FE3BF3E5-DA21-4568-B0BE-6C9FB639C81B}.Release|Any CPU.ActiveCfg = Release|Any CPU
		{FE3BF3E5-DA21-4568-B0BE-6C9FB639C81B}.Release|Any CPU.Build.0 = Release|Any CPU
	EndGlobalSection
	GlobalSection(SolutionProperties) = preSolution
		HideSolutionNode = FALSE
	EndGlobalSection
	GlobalSection(ExtensibilityGlobals) = postSolution
		SolutionGuid = {DD9A0F91-2E59-4D31-9E84-357AD958BE94}
	EndGlobalSection
EndGlobal
