
Microsoft Visual Studio Solution File, Format Version 12.00
# Visual Studio Version 17
VisualStudioVersion = 17.9.34622.214
MinimumVisualStudioVersion = 10.0.40219.1
Project("{FAE04EC0-301F-11D3-BF4B-00C04F79EFBC}") = "Exercitiu1", "Exercitiu1\Exercitiu1.csproj", "{B515560B-8AF0-4843-8523-D28AB65884C3}"
EndProject
Global
	GlobalSection(SolutionConfigurationPlatforms) = preSolution
		Debug|Any CPU = Debug|Any CPU
		Release|Any CPU = Release|Any CPU
	EndGlobalSection
	GlobalSection(ProjectConfigurationPlatforms) = postSolution
		{B515560B-8AF0-4843-8523-D28AB65884C3}.Debug|Any CPU.ActiveCfg = Debug|Any CPU
		{B515560B-8AF0-4843-8523-D28AB65884C3}.Debug|Any CPU.Build.0 = Debug|Any CPU
		{B515560B-8AF0-4843-8523-D28AB65884C3}.Release|Any CPU.ActiveCfg = Release|Any CPU
		{B515560B-8AF0-4843-8523-D28AB65884C3}.Release|Any CPU.Build.0 = Release|Any CPU
	EndGlobalSection
	GlobalSection(SolutionProperties) = preSolution
		HideSolutionNode = FALSE
	EndGlobalSection
	GlobalSection(ExtensibilityGlobals) = postSolution
		SolutionGuid = {5283FF3B-4142-4DE2-B8CA-631792B094F9}
	EndGlobalSection
EndGlobal
