
Microsoft Visual Studio Solution File, Format Version 12.00
# Visual Studio Version 17
VisualStudioVersion = 17.7.34031.279
MinimumVisualStudioVersion = 10.0.40219.1
Project("{9A19103F-16F7-4668-BE54-9A1E7A4F7556}") = "Exercitiu2", "Proiect2\Exercitiu2.csproj", "{C37D318E-85C3-41ED-9341-8D29A71B8B1C}"
EndProject
Global
	GlobalSection(SolutionConfigurationPlatforms) = preSolution
		Debug|Any CPU = Debug|Any CPU
		Release|Any CPU = Release|Any CPU
	EndGlobalSection
	GlobalSection(ProjectConfigurationPlatforms) = postSolution
		{C37D318E-85C3-41ED-9341-8D29A71B8B1C}.Debug|Any CPU.ActiveCfg = Debug|Any CPU
		{C37D318E-85C3-41ED-9341-8D29A71B8B1C}.Debug|Any CPU.Build.0 = Debug|Any CPU
		{C37D318E-85C3-41ED-9341-8D29A71B8B1C}.Release|Any CPU.ActiveCfg = Release|Any CPU
		{C37D318E-85C3-41ED-9341-8D29A71B8B1C}.Release|Any CPU.Build.0 = Release|Any CPU
	EndGlobalSection
	GlobalSection(SolutionProperties) = preSolution
		HideSolutionNode = FALSE
	EndGlobalSection
	GlobalSection(ExtensibilityGlobals) = postSolution
		SolutionGuid = {F681DF03-C74F-44E0-82B4-860E7F6EF57B}
	EndGlobalSection
EndGlobal
