
Microsoft Visual Studio Solution File, Format Version 12.00
# Visual Studio Version 17
VisualStudioVersion = 17.9.34622.214
MinimumVisualStudioVersion = 10.0.40219.1
Project("{FAE04EC0-301F-11D3-BF4B-00C04F79EFBC}") = "Exercitiu1", "Exercitiu1\Exercitiu1.csproj", "{B95FC355-F202-48A0-A9CD-A7E02D582C8F}"
EndProject
Global
	GlobalSection(SolutionConfigurationPlatforms) = preSolution
		Debug|Any CPU = Debug|Any CPU
		Release|Any CPU = Release|Any CPU
	EndGlobalSection
	GlobalSection(ProjectConfigurationPlatforms) = postSolution
		{B95FC355-F202-48A0-A9CD-A7E02D582C8F}.Debug|Any CPU.ActiveCfg = Debug|Any CPU
		{B95FC355-F202-48A0-A9CD-A7E02D582C8F}.Debug|Any CPU.Build.0 = Debug|Any CPU
		{B95FC355-F202-48A0-A9CD-A7E02D582C8F}.Release|Any CPU.ActiveCfg = Release|Any CPU
		{B95FC355-F202-48A0-A9CD-A7E02D582C8F}.Release|Any CPU.Build.0 = Release|Any CPU
	EndGlobalSection
	GlobalSection(SolutionProperties) = preSolution
		HideSolutionNode = FALSE
	EndGlobalSection
	GlobalSection(ExtensibilityGlobals) = postSolution
		SolutionGuid = {F1AABB1F-4F65-44F9-B057-C035A4EFC6DF}
	EndGlobalSection
EndGlobal
